
Microsoft Visual Studio Solution File, Format Version 12.00
# Visual Studio Version 16
VisualStudioVersion = 16.0.31624.102
MinimumVisualStudioVersion = 10.0.40219.1
Project("{9A19103F-16F7-4668-BE54-9A1E7A4F7556}") = "TuviBytesShamirSecretSharingLib", "TuviBytesShamirSecretSharingLib\TuviBytesShamirSecretSharingLib.csproj", "{3FFEE4B0-53B4-4087-A905-A6C36092EEAE}"
EndProject
Project("{9A19103F-16F7-4668-BE54-9A1E7A4F7556}") = "TuviBytesShamirSecretSharingLibTests", "TuviBytesShamirSecretSharingLibTests\TuviBytesShamirSecretSharingLibTests.csproj", "{96DDD49E-F082-42F2-AF4A-8B72B7DCFAF7}"
EndProject
Project("{9A19103F-16F7-4668-BE54-9A1E7A4F7556}") = "GF256Computations", "GF256Computations\GF256Computations.csproj", "{F15892E6-A14C-4054-BB7C-0DECAEE3D643}"
EndProject
Project("{FAE04EC0-301F-11D3-BF4B-00C04F79EFBC}") = "GF256ComputationsTests", "GF256ComputationsTests\GF256ComputationsTests.csproj", "{B3327311-0ECC-4C36-9793-7E7CC748D421}"
EndProject
Global
	GlobalSection(SolutionConfigurationPlatforms) = preSolution
		Debug|Any CPU = Debug|Any CPU
		Release|Any CPU = Release|Any CPU
	EndGlobalSection
	GlobalSection(ProjectConfigurationPlatforms) = postSolution
		{3FFEE4B0-53B4-4087-A905-A6C36092EEAE}.Debug|Any CPU.ActiveCfg = Debug|Any CPU
		{3FFEE4B0-53B4-4087-A905-A6C36092EEAE}.Debug|Any CPU.Build.0 = Debug|Any CPU
		{3FFEE4B0-53B4-4087-A905-A6C36092EEAE}.Release|Any CPU.ActiveCfg = Release|Any CPU
		{3FFEE4B0-53B4-4087-A905-A6C36092EEAE}.Release|Any CPU.Build.0 = Release|Any CPU
		{96DDD49E-F082-42F2-AF4A-8B72B7DCFAF7}.Debug|Any CPU.ActiveCfg = Debug|Any CPU
		{96DDD49E-F082-42F2-AF4A-8B72B7DCFAF7}.Debug|Any CPU.Build.0 = Debug|Any CPU
		{96DDD49E-F082-42F2-AF4A-8B72B7DCFAF7}.Release|Any CPU.ActiveCfg = Release|Any CPU
		{96DDD49E-F082-42F2-AF4A-8B72B7DCFAF7}.Release|Any CPU.Build.0 = Release|Any CPU
		{F15892E6-A14C-4054-BB7C-0DECAEE3D643}.Debug|Any CPU.ActiveCfg = Debug|Any CPU
		{F15892E6-A14C-4054-BB7C-0DECAEE3D643}.Debug|Any CPU.Build.0 = Debug|Any CPU
		{F15892E6-A14C-4054-BB7C-0DECAEE3D643}.Release|Any CPU.ActiveCfg = Release|Any CPU
		{F15892E6-A14C-4054-BB7C-0DECAEE3D643}.Release|Any CPU.Build.0 = Release|Any CPU
		{B3327311-0ECC-4C36-9793-7E7CC748D421}.Debug|Any CPU.ActiveCfg = Debug|Any CPU
		{B3327311-0ECC-4C36-9793-7E7CC748D421}.Debug|Any CPU.Build.0 = Debug|Any CPU
		{B3327311-0ECC-4C36-9793-7E7CC748D421}.Release|Any CPU.ActiveCfg = Release|Any CPU
		{B3327311-0ECC-4C36-9793-7E7CC748D421}.Release|Any CPU.Build.0 = Release|Any CPU
	EndGlobalSection
	GlobalSection(SolutionProperties) = preSolution
		HideSolutionNode = FALSE
	EndGlobalSection
	GlobalSection(ExtensibilityGlobals) = postSolution
		SolutionGuid = {783915DD-43E9-4D37-A3F3-CCE51BDCDC74}
	EndGlobalSection
EndGlobal
